
Microsoft Visual Studio Solution File, Format Version 12.00
# Visual Studio Version 16
VisualStudioVersion = 16.0.30517.126
MinimumVisualStudioVersion = 10.0.40219.1
Project("{FAE04EC0-301F-11D3-BF4B-00C04F79EFBC}") = "Class-Triangle", "Class-Triangle\Class-Triangle.csproj", "{113DD035-E816-4164-A871-BCCB0734BDAE}"
EndProject
Global
	GlobalSection(SolutionConfigurationPlatforms) = preSolution
		Debug|Any CPU = Debug|Any CPU
		Release|Any CPU = Release|Any CPU
	EndGlobalSection
	GlobalSection(ProjectConfigurationPlatforms) = postSolution
		{113DD035-E816-4164-A871-BCCB0734BDAE}.Debug|Any CPU.ActiveCfg = Debug|Any CPU
		{113DD035-E816-4164-A871-BCCB0734BDAE}.Debug|Any CPU.Build.0 = Debug|Any CPU
		{113DD035-E816-4164-A871-BCCB0734BDAE}.Release|Any CPU.ActiveCfg = Release|Any CPU
		{113DD035-E816-4164-A871-BCCB0734BDAE}.Release|Any CPU.Build.0 = Release|Any CPU
	EndGlobalSection
	GlobalSection(SolutionProperties) = preSolution
		HideSolutionNode = FALSE
	EndGlobalSection
	GlobalSection(ExtensibilityGlobals) = postSolution
		SolutionGuid = {8C374891-504E-4EC7-BE0E-35CF16234085}
	EndGlobalSection
EndGlobal
